version: 7
platforms:
- name: linux-64
  virtual-packages:
  - __unix=0=0
  - __linux=4.18
  - __glibc=2.28
  - __archspec=0=x86_64
environments:
  default:
    channels:
    - url: https://conda.anaconda.org/conda-forge/
    packages:
      linux-64:
      - conda: https://conda.anaconda.org/conda-forge/linux-64/_openmp_mutex-4.5-20_gnu.conda
      - conda: https://conda.anaconda.org/conda-forge/linux-64/autoconf-2.72-pl5321hbb4ee43_1.conda
      - conda: https://conda.anaconda.org/conda-forge/linux-64/automake-1.19-hfc2019e_0.conda
      - conda: https://conda.anaconda.org/conda-forge/linux-64/binutils_impl_linux-64-2.46.1-default_hfdba357_102.conda
      - conda: https://conda.anaconda.org/conda-forge/linux-64/bison-3.8.2-h59595ed_0.conda
      - conda: https://conda.anaconda.org/conda-forge/linux-64/c-compiler-2.0.0-ha29393d_0.conda
      - conda: https://conda.anaconda.org/conda-forge/linux-64/conda-gcc-specs-15.3.0-h8846f6e_7.conda
      - conda: https://conda.anaconda.org/conda-forge/linux-64/cxx-compiler-2.0.0-hdab9b82_0.conda
      - conda: https://conda.anaconda.org/conda-forge/linux-64/flex-2.6.4-h58526e2_1004.tar.bz2
      - conda: https://conda.anaconda.org/conda-forge/linux-64/gcc-15.3.0-hc6a0c74_7.conda
      - conda: https://conda.anaconda.org/conda-forge/linux-64/gcc_impl_linux-64-15.3.0-h6ad849d_7.conda
      - conda: https://conda.anaconda.org/conda-forge/linux-64/gxx-15.3.0-hc6a0c74_7.conda
      - conda: https://conda.anaconda.org/conda-forge/linux-64/gxx_impl_linux-64-15.3.0-h90d9265_7.conda
      - conda: https://conda.anaconda.org/conda-forge/linux-64/ld_impl_linux-64-2.46.1-default_hbd61a6d_102.conda
      - conda: https://conda.anaconda.org/conda-forge/linux-64/libgcc-16.2.0-ha9f2e26_7.conda
      - conda: https://conda.anaconda.org/conda-forge/linux-64/libgcc-ng-16.2.0-h69a702a_7.conda
      - conda: https://conda.anaconda.org/conda-forge/linux-64/libgomp-16.2.0-he0feb66_7.conda
      - conda: https://conda.anaconda.org/conda-forge/linux-64/libltdl-2.4.3a-h5888daf_0.conda
      - conda: https://conda.anaconda.org/conda-forge/linux-64/libsanitizer-15.3.0-h54950a5_7.conda
      - conda: https://conda.anaconda.org/conda-forge/linux-64/libstdcxx-16.2.0-h934c35e_7.conda
      - conda: https://conda.anaconda.org/conda-forge/linux-64/libstdcxx-ng-16.2.0-hdf11a46_7.conda
      - conda: https://conda.anaconda.org/conda-forge/linux-64/libtool-2.5.4-h5888daf_0.conda
      - conda: https://conda.anaconda.org/conda-forge/linux-64/libxcrypt-4.4.38-h280c20c_0.conda
      - conda: https://conda.anaconda.org/conda-forge/linux-64/libzlib-1.3.2-h25fd6f3_3.conda
      - conda: https://conda.anaconda.org/conda-forge/linux-64/m4-1.4.21-hb03c661_0.conda
      - conda: https://conda.anaconda.org/conda-forge/linux-64/make-4.4.1-hb03c661_3.conda
      - conda: https://conda.anaconda.org/conda-forge/linux-64/ncurses-6.6-hdb14827_1.conda
      - conda: https://conda.anaconda.org/conda-forge/linux-64/perl-5.44.0-0_h7cc23a3_perl5.conda
      - conda: https://conda.anaconda.org/conda-forge/linux-64/pkg-config-0.29.2-h1114479_1013.conda
      - conda: https://conda.anaconda.org/conda-forge/linux-64/readline-8.3-hd6e31c0_1.conda
      - conda: https://conda.anaconda.org/conda-forge/linux-64/zstd-1.5.7-hb78ec9c_7.conda
      - conda: https://conda.anaconda.org/conda-forge/noarch/kernel-headers_linux-64-4.18.0-he073ed8_9.conda
      - conda: https://conda.anaconda.org/conda-forge/noarch/libgcc-devel_linux-64-15.3.0-h2b852eb_107.conda
      - conda: https://conda.anaconda.org/conda-forge/noarch/libstdcxx-devel_linux-64-15.3.0-hb2c5482_107.conda
      - conda: https://conda.anaconda.org/conda-forge/noarch/sysroot_linux-64-2.28-h4ee821c_9.conda
      - conda: https://conda.anaconda.org/conda-forge/noarch/tzdata-2026c-h151e31d_0.conda
packages:
- conda: https://conda.anaconda.org/conda-forge/linux-64/_openmp_mutex-4.5-20_gnu.conda
  build_number: 20
  sha256: 1dd3fffd892081df9726d7eb7e0dea6198962ba775bd88842135a4ddb4deb3c9
  md5: a9f577daf3de00bca7c3c76c0ecbd1de
  depends:
  - __glibc >=2.17,<3.0.a0
  - libgomp >=7.5.0
  constrains:
  - openmp_impl <0.0a0
  license: BSD-3-Clause
  license_family: BSD
  run_exports:
    strong:
    - _openmp_mutex >=4.5
  size: 28948
  timestamp: 1770939786096
- conda: https://conda.anaconda.org/conda-forge/linux-64/autoconf-2.72-pl5321hbb4ee43_1.conda
  sha256: 8297a545b15576a899ffc0293a9b25c7d9895e155c61d96f266d38c3c46640cb
  md5: 61a406051317df9dd63157c4c53899e6
  depends:
  - __glibc >=2.17,<3.0.a0
  - m4
  - perl 5.*
  license: GPL-3.0-or-later
  license_family: GPL
  run_exports: {}
  size: 648370
  timestamp: 1747238591729
- conda: https://conda.anaconda.org/conda-forge/linux-64/automake-1.19-hfc2019e_0.conda
  sha256: 8591c66aec7d92fdb35b55fa5681fedc7077a1278dce43d42dbb3d1473eccad2
  md5: 6f0dcf7703457bafec5f7c0f7f8fe078
  depends:
  - m4
  - autoconf
  - perl 5.*
  license: GPL-3.0-or-later
  license_family: GPL
  run_exports: {}
  size: 639735
  timestamp: 1789036573547
- conda: https://conda.anaconda.org/conda-forge/linux-64/binutils_impl_linux-64-2.46.1-default_hfdba357_102.conda
  sha256: fb7bf36984a37ce7e4714d1d1da0bd0e3bfc679520f5cdc184afc676fd4b5da2
  md5: a0c5e0b7f58c8ceeb08e5bc41251d5a2
  depends:
  - ld_impl_linux-64 2.46.1 default_hbd61a6d_102
  - sysroot_linux-64
  - zstd >=1.5.7,<1.6.0a0
  license: GPL-3.0-only
  license_family: GPL
  run_exports: {}
  size: 3713752
  timestamp: 1784214522814
- conda: https://conda.anaconda.org/conda-forge/linux-64/bison-3.8.2-h59595ed_0.conda
  sha256: d45803ee7834f71eb0656d74a58644390ef13365ff67f7716cc660309e46cfbd
  md5: ac931227dce83e3303cfe3e606e87fa8
  depends:
  - flex
  - libgcc-ng >=12
  - libstdcxx-ng >=12
  license: GPL-3.0-or-later
  license_family: GPL3
  run_exports: {}
  size: 772965
  timestamp: 1683849377301
- conda: https://conda.anaconda.org/conda-forge/linux-64/c-compiler-2.0.0-ha29393d_0.conda
  sha256: a54488d2b00380f542a2e1aa00dee3d878803a8c2c025dfce852a23685584dc6
  md5: b08763a8d93f2ba35bbf956dab90950b
  depends:
  - gcc 15.*
  license: BSD-3-Clause
  license_family: BSD
  run_exports: {}
  size: 7017
  timestamp: 1786642183250
- conda: https://conda.anaconda.org/conda-forge/linux-64/conda-gcc-specs-15.3.0-h8846f6e_7.conda
  sha256: 395a5928fc78e8545afdb4e9bf074cf90e37ff8287a1f34cd98c9350da6c3095
  md5: da715e003b8f6e6737923cda77f67dbf
  depends:
  - gcc_impl_linux-64 >=15.3.0,<15.3.1.0a0
  license: GPL-3.0-only WITH GCC-exception-3.1
  run_exports: {}
  size: 32760
  timestamp: 1790302817774
- conda: https://conda.anaconda.org/conda-forge/linux-64/cxx-compiler-2.0.0-hdab9b82_0.conda
  sha256: 384ab445d260e0d69e701c32eb0ed870d348ec7e3efc78d944823855d4512ca1
  md5: 923dacbfd97122c65c97a35f6e959ab8
  depends:
  - gxx 15.*
  license: BSD-3-Clause
  license_family: BSD
  run_exports: {}
  size: 6972
  timestamp: 1786642183694
- conda: https://conda.anaconda.org/conda-forge/linux-64/flex-2.6.4-h58526e2_1004.tar.bz2
  sha256: 5a6dba5af1127e859eefd68e77b7af062b42f85401efbb43a970da977ba3e344
  md5: b1029ec81c7e0969e84a8179d039a9ce
  depends:
  - libgcc-ng >=7.5.0
  - libstdcxx-ng >=7.5.0
  - m4
  license: BSD 2-Clause
  license_family: BSD
  run_exports: {}
  size: 338043
  timestamp: 1605270841228
- conda: https://conda.anaconda.org/conda-forge/linux-64/gcc-15.3.0-hc6a0c74_7.conda
  sha256: f362d14caab740de46f60d5ca8a4340066704ff573bc0a618030ceca3a2b7f87
  md5: f86312df66bf0d79961e8e185e4f9957
  depends:
  - conda-gcc-specs
  - gcc_impl_linux-64 15.3.0 h6ad849d_7
  license: BSD-3-Clause
  run_exports: {}
  size: 29624
  timestamp: 1790302921468
- conda: https://conda.anaconda.org/conda-forge/linux-64/gcc_impl_linux-64-15.3.0-h6ad849d_7.conda
  sha256: 3c6deaf411a00aef601fb37f3a5e00aa4b85bace1fd2ebad347033aadc543c55
  md5: 61f2e6900de1f2aff25717b332ed6dac
  depends:
  - binutils_impl_linux-64 >=2.46.1
  - libgcc >=15.3.0
  - libgcc-devel_linux-64 15.3.0 h2b852eb_107
  - libgomp >=15.3.0
  - libsanitizer 15.3.0 h54950a5_7
  - libstdcxx >=15.3.0
  - libstdcxx-devel_linux-64 15.3.0 hb2c5482_107
  - sysroot_linux-64
  license: GPL-3.0-only WITH GCC-exception-3.1
  run_exports: {}
  size: 83849972
  timestamp: 1790302722312
- conda: https://conda.anaconda.org/conda-forge/linux-64/gxx-15.3.0-hc6a0c74_7.conda
  sha256: b4d8243c72c114f3bc5189659f0ad7745d35b3c08fbd529d7dd32b7fbb631a5e
  md5: 6ab627ce20ea2270ea95cf54577aacf4
  depends:
  - conda-gcc-specs
  - gcc 15.3.0 hc6a0c74_7
  - gxx_impl_linux-64 15.3.0 h90d9265_7
  license: BSD-3-Clause
  run_exports: {}
  size: 28905
  timestamp: 1790302956904
- conda: https://conda.anaconda.org/conda-forge/linux-64/gxx_impl_linux-64-15.3.0-h90d9265_7.conda
  sha256: 23e396ca14d05c645f431175379ec010676827d0b7791131ef4f1422f522a755
  md5: f36649dd9798b6982afd26447244984e
  depends:
  - gcc_impl_linux-64 15.3.0 h6ad849d_7
  - libstdcxx-devel_linux-64 15.3.0 hb2c5482_107
  - sysroot_linux-64
  - tzdata
  license: GPL-3.0-only WITH GCC-exception-3.1
  run_exports: {}
  size: 17023748
  timestamp: 1790302893582
- conda: https://conda.anaconda.org/conda-forge/linux-64/ld_impl_linux-64-2.46.1-default_hbd61a6d_102.conda
  sha256: 27d83f1188cd19bcb7754a078b3fa7f4cfb8527f8eb2fde54dd01fc529d1adec
  md5: 449500f2c089da11c40f5c21312e3e07
  depends:
  - __glibc >=2.17,<3.0.a0
  - zstd >=1.5.7,<1.6.0a0
  constrains:
  - binutils_impl_linux-64 2.46.1
  license: GPL-3.0-only
  license_family: GPL
  run_exports: {}
  size: 745303
  timestamp: 1784214507189
- conda: https://conda.anaconda.org/conda-forge/linux-64/libgcc-16.2.0-ha9f2e26_7.conda
  sha256: e031634c3a928f9594eba868bc46ef5230d6571a364a0c63215b06c4563bfcea
  md5: 735629b400b70eeab21a2ba8f5b1c2ce
  depends:
  - __glibc >=2.17,<3.0.a0
  - _openmp_mutex >=4.5
  constrains:
  - libgcc-ng ==16.2.0=*_7
  - libgomp 16.2.0 he0feb66_7
  license: GPL-3.0-only WITH GCC-exception-3.1
  run_exports: {}
  size: 1058444
  timestamp: 1790303109576
- conda: https://conda.anaconda.org/conda-forge/linux-64/libgcc-ng-16.2.0-h69a702a_7.conda
  sha256: 03b54d7008de080a17cc2174b0e4acd6d06e1c981b2eb19846f46d8f59966034
  md5: 2005515ac9340f816fb2ac7e83afe553
  depends:
  - libgcc 16.2.0 ha9f2e26_7
  license: GPL-3.0-only WITH GCC-exception-3.1
  run_exports:
    strong:
    - libgcc
  size: 28616
  timestamp: 1790303114248
- conda: https://conda.anaconda.org/conda-forge/linux-64/libgomp-16.2.0-he0feb66_7.conda
  sha256: 92a0bb350c7be6a4eedcb4e111c60aefd176018e6b1c009a6e025dbe9bbcd758
  md5: d904c7ddd95e026254b4b80808ee9e12
  depends:
  - __glibc >=2.17,<3.0.a0
  license: GPL-3.0-only WITH GCC-exception-3.1
  run_exports:
    strong:
    - _openmp_mutex >=4.5
  size: 640566
  timestamp: 1790303046034
- conda: https://conda.anaconda.org/conda-forge/linux-64/libltdl-2.4.3a-h5888daf_0.conda
  sha256: 7620c6425d4491e17083106ca49624448fc16186c30a93cf2b58f862bba416d1
  md5: 8e5de39cab514fa908fcaa7ba37a8738
  depends:
  - __glibc >=2.17,<3.0.a0
  - libgcc >=13
  license: LGPL-2.0-or-later
  license_family: LGPL
  run_exports:
    weak:
    - libltdl >=2.4.3a,<2.5.0a0
  size: 38472
  timestamp: 1740593829307
- conda: https://conda.anaconda.org/conda-forge/linux-64/libsanitizer-15.3.0-h54950a5_7.conda
  sha256: 9e5518e38502568f4591be965d48c1a3f79e2da4d74567f1a62e00244cf40222
  md5: 04361d154f650289702f20c0ff86d7be
  depends:
  - __glibc >=2.17,<3.0.a0
  - libgcc >=15.3.0
  - libstdcxx >=15.3.0
  license: GPL-3.0-only WITH GCC-exception-3.1
  run_exports:
    weak:
    - libsanitizer 15.3.0
  size: 8073659
  timestamp: 1790302682129
- conda: https://conda.anaconda.org/conda-forge/linux-64/libstdcxx-16.2.0-h934c35e_7.conda
  sha256: fa7018298629fc429971fffd6ecba3d27a7b02e4e890d6a93ea01ffebe8cb745
  md5: 9b6707e0caca917fa6ea9ee473f37a5d
  depends:
  - __glibc >=2.17,<3.0.a0
  - libgcc 16.2.0 ha9f2e26_7
  constrains:
  - libstdcxx-ng ==16.2.0=*_7
  license: GPL-3.0-only WITH GCC-exception-3.1
  run_exports: {}
  size: 6615436
  timestamp: 1790303132935
- conda: https://conda.anaconda.org/conda-forge/linux-64/libstdcxx-ng-16.2.0-hdf11a46_7.conda
  sha256: 337f481db36cc357884f05f404ccd1b3a7e0fc1ee48ec5c884e4281d213bc863
  md5: 25a23bde5e26d548374f3e02b4669670
  depends:
  - libstdcxx 16.2.0 h934c35e_7
  license: GPL-3.0-only WITH GCC-exception-3.1
  run_exports:
    strong:
    - libstdcxx
  size: 28665
  timestamp: 1790303164510
- conda: https://conda.anaconda.org/conda-forge/linux-64/libtool-2.5.4-h5888daf_0.conda
  sha256: c8245c70ba5b075e0cd61f430afbda00b60931603ed4ea31ce89e7fe930e4e3d
  md5: 90697d80c181414aa3472199e136a04e
  depends:
  - __glibc >=2.17,<3.0.a0
  - libgcc >=13
  - libltdl 2.4.3a h5888daf_0
  license: GPL-2.0-or-later
  license_family: GPL
  run_exports: {}
  size: 415044
  timestamp: 1740593851157
- conda: https://conda.anaconda.org/conda-forge/linux-64/libxcrypt-4.4.38-h280c20c_0.conda
  sha256: f7e9292dd219a6435bbb1223da9586c3e70d66d169c5a92f08db3f2127df04e9
  md5: f7a7ff5a6ab331e037abd34f379a631d
  depends:
  - libgcc >=14
  - __glibc >=2.17,<3.0.a0
  license: LGPL-2.1-or-later
  run_exports:
    weak:
    - libxcrypt >=4.4.38
  size: 101957
  timestamp: 1785887123445
- conda: https://conda.anaconda.org/conda-forge/linux-64/libzlib-1.3.2-h25fd6f3_3.conda
  sha256: eb8a0db0aa570124f7d2a93d7c7f596e3390df5e047818d873baad32985fc736
  md5: 0de0122d9570a8ab637c6b73db268389
  depends:
  - __glibc >=2.17,<3.0.a0
  constrains:
  - zlib 1.3.2 *_3
  license: Zlib
  license_family: Other
  run_exports:
    weak:
    - libzlib >=1.3.2,<2.0a0
  size: 63713
  timestamp: 1785362952714
- conda: https://conda.anaconda.org/conda-forge/linux-64/m4-1.4.21-hb03c661_0.conda
  sha256: 5602528aaeb58b02259d68bdc8eca934a18e449df8bf8f904c039c9749e3514c
  md5: 2c0696bb8251b054469ef84cc8953294
  depends:
  - __glibc >=2.17,<3.0.a0
  - libgcc >=14
  license: GPL-3.0-or-later
  license_family: GPL
  run_exports: {}
  size: 290659
  timestamp: 1770422672622
- conda: https://conda.anaconda.org/conda-forge/linux-64/make-4.4.1-hb03c661_3.conda
  sha256: 4c65d2769847778a6d84db6984ac81bcec6f8958d349f1fe57ae040ccc56a801
  md5: b4a198dc40024de2a59c1343e4ae4144
  depends:
  - __glibc >=2.17,<3.0.a0
  - libgcc >=14
  license: GPL-3.0-or-later
  license_family: GPL
  run_exports: {}
  size: 510695
  timestamp: 1785879853297
- conda: https://conda.anaconda.org/conda-forge/linux-64/ncurses-6.6-hdb14827_1.conda
  sha256: 5d46557214ed184381dafe835b7c94a474a1c3b307a08a250b1ea4779b44ffb3
  md5: ee6c0cd80a60961a1f48aa3e0b91f986
  depends:
  - __glibc >=2.17,<3.0.a0
  - libgcc >=14
  license: X11 AND BSD-3-Clause
  run_exports:
    weak:
    - ncurses >=6.6,<7.0a0
  size: 911196
  timestamp: 1786355078102
- conda: https://conda.anaconda.org/conda-forge/linux-64/perl-5.44.0-0_h7cc23a3_perl5.conda
  build_number: 0
  sha256: 37b594b2bfc5691757ecd657ccc7d921ff30f2931600a5515f73da023981859b
  md5: 94e2dc76c67d3c9407f849dc7adb9360
  depends:
  - __glibc >=2.17,<3.0.a0
  - libgcc >=15
  - libxcrypt >=4.4.38
  license: GPL-1.0-or-later OR Artistic-1.0-Perl
  run_exports:
    weak:
    - perl >=5.44.0,<5.45.0a0
    noarch:
    - perl >=5.44.0,<6.0a0
  size: 11516819
  timestamp: 1790272817683
- conda: https://conda.anaconda.org/conda-forge/linux-64/pkg-config-0.29.2-h1114479_1013.conda
  sha256: 8f27ee1b6166c5be505dba4b0dd0f3b3b81ddec811f6118cc337b90cbd3937a4
  md5: 0aab2923309084c5f89ef32cd39a19b2
  depends:
  - libgcc >=15
  - __glibc >=2.17,<3.0.a0
  license: GPL-2.0-or-later
  license_family: GPL
  run_exports: {}
  size: 141376
  timestamp: 1788677377648
- conda: https://conda.anaconda.org/conda-forge/linux-64/readline-8.3-hd6e31c0_1.conda
  sha256: 01b3fe073a66e321970d09e04b388708f8cbdca5cdfbfcb7c9eeb470ad10383d
  md5: 69c01c781e7c8190bbdaf79e3848c5ca
  depends:
  - __glibc >=2.17,<3.0.a0
  - libgcc >=15
  - ncurses >=6.6,<7.0a0
  license: GPL-3.0-only
  license_family: GPL
  run_exports:
    weak:
    - readline >=8.3,<9.0a0
  size: 348899
  timestamp: 1787033801506
- conda: https://conda.anaconda.org/conda-forge/linux-64/zstd-1.5.7-hb78ec9c_7.conda
  sha256: 47d682b9f6d6ec9eb1a6e6c3e75ea6273e899e78fb7fc59f81d39745009fbc60
  md5: aa459086047c0e5e27023ab19f8cb86a
  depends:
  - __glibc >=2.17,<3.0.a0
  - libzlib >=1.3.2,<2.0a0
  license: BSD-3-Clause
  license_family: BSD
  run_exports:
    weak:
    - zstd >=1.5.7,<1.6.0a0
  size: 601301
  timestamp: 1786599621503
- conda: https://conda.anaconda.org/conda-forge/noarch/kernel-headers_linux-64-4.18.0-he073ed8_9.conda
  sha256: 41557eeadf641de6aeae49486cef30d02a6912d8da98585d687894afd65b356a
  md5: 86d9cba083cd041bfbf242a01a7a1999
  constrains:
  - sysroot_linux-64 ==2.28
  license: LGPL-2.0-or-later AND LGPL-2.0-or-later WITH exceptions AND GPL-2.0-or-later
  license_family: GPL
  run_exports: {}
  size: 1278712
  timestamp: 1765578681495
- conda: https://conda.anaconda.org/conda-forge/noarch/libgcc-devel_linux-64-15.3.0-h2b852eb_107.conda
  sha256: 5200a1402eb3c3e9b0e4ba38b3cf163be136d020a15477fb86ce6e754d3ae515
  md5: 057ab488a4da13485caa3b672df9824a
  depends:
  - __unix
  license: GPL-3.0-only WITH GCC-exception-3.1
  run_exports: {}
  size: 3085843
  timestamp: 1790302578256
- conda: https://conda.anaconda.org/conda-forge/noarch/libstdcxx-devel_linux-64-15.3.0-hb2c5482_107.conda
  sha256: 4b2d94a9abf2feedea354e4256756c5dc255b84080e7faed9a324a101cf20e74
  md5: edce245dade1c29f691983796b4b8414
  depends:
  - __unix
  license: GPL-3.0-only WITH GCC-exception-3.1
  run_exports: {}
  size: 20673146
  timestamp: 1790302599776
- conda: https://conda.anaconda.org/conda-forge/noarch/sysroot_linux-64-2.28-h4ee821c_9.conda
  sha256: c47299fe37aebb0fcf674b3be588e67e4afb86225be4b0d452c7eb75c086b851
  md5: 13dc3adbc692664cd3beabd216434749
  depends:
  - __glibc >=2.28
  - kernel-headers_linux-64 4.18.0 he073ed8_9
  - tzdata
  license: LGPL-2.0-or-later AND LGPL-2.0-or-later WITH exceptions AND GPL-2.0-or-later
  license_family: GPL
  run_exports:
    strong:
    - __glibc >=2.28,<3.0.a0
  size: 24008591
  timestamp: 1765578833462
- conda: https://conda.anaconda.org/conda-forge/noarch/tzdata-2026c-h151e31d_0.conda
  sha256: b928c30ddcb0e3f544c6eade8352737e6e610e263276b90232db6a578ef899d8
  md5: fcb489df604d100968b737f2cb6076c6
  license: LicenseRef-Public-Domain
  run_exports: {}
  size: 118849
  timestamp: 1784250406640
